
Microsoft Visual Studio Solution File, Format Version 12.00
# Visual Studio 2012
Project("{FAE04EC0-301F-11D3-BF4B-00C04F79EFBC}") = "LZ4Sharp", "LZ4Sharp\LZ4Sharp.csproj", "{F234773A-FFD4-4964-AC20-7D890C29E9C2}"
EndProject
Project("{FAE04EC0-301F-11D3-BF4B-00C04F79EFBC}") = "LZ4Sharp.Main", "LZ4Sharp.Main\LZ4Sharp.Main.csproj", "{F668BAFC-4EA6-4594-AEF0-E43798621F7A}"
EndProject
Project("{FAE04EC0-301F-11D3-BF4B-00C04F79EFBC}") = "LZ4SharpGenerator", "LZ4SharpGenerator\LZ4SharpGenerator.csproj", "{8FC05695-AE66-4485-8581-4D10DFFFB790}"
EndProject
Global
	GlobalSection(SolutionConfigurationPlatforms) = preSolution
		Debug|Any CPU = Debug|Any CPU
		Debug|x86 = Debug|x86
		Generate|Any CPU = Generate|Any CPU
		Generate|x86 = Generate|x86
		Release|Any CPU = Release|Any CPU
		Release|x86 = Release|x86
	EndGlobalSection
	GlobalSection(ProjectConfigurationPlatforms) = postSolution
		{F234773A-FFD4-4964-AC20-7D890C29E9C2}.Debug|Any CPU.ActiveCfg = Debug|Any CPU
		{F234773A-FFD4-4964-AC20-7D890C29E9C2}.Debug|Any CPU.Build.0 = Debug|Any CPU
		{F234773A-FFD4-4964-AC20-7D890C29E9C2}.Debug|x86.ActiveCfg = Debug|x86
		{F234773A-FFD4-4964-AC20-7D890C29E9C2}.Debug|x86.Build.0 = Debug|x86
		{F234773A-FFD4-4964-AC20-7D890C29E9C2}.Generate|Any CPU.ActiveCfg = Generate|Any CPU
		{F234773A-FFD4-4964-AC20-7D890C29E9C2}.Generate|x86.ActiveCfg = Generate|x86
		{F234773A-FFD4-4964-AC20-7D890C29E9C2}.Generate|x86.Build.0 = Generate|x86
		{F234773A-FFD4-4964-AC20-7D890C29E9C2}.Release|Any CPU.ActiveCfg = Release|Any CPU
		{F234773A-FFD4-4964-AC20-7D890C29E9C2}.Release|Any CPU.Build.0 = Release|Any CPU
		{F234773A-FFD4-4964-AC20-7D890C29E9C2}.Release|x86.ActiveCfg = Release|Any CPU
		{F234773A-FFD4-4964-AC20-7D890C29E9C2}.Release|x86.Build.0 = Release|Any CPU
		{F668BAFC-4EA6-4594-AEF0-E43798621F7A}.Debug|Any CPU.ActiveCfg = Debug|Any CPU
		{F668BAFC-4EA6-4594-AEF0-E43798621F7A}.Debug|Any CPU.Build.0 = Debug|Any CPU
		{F668BAFC-4EA6-4594-AEF0-E43798621F7A}.Debug|x86.ActiveCfg = Debug|x86
		{F668BAFC-4EA6-4594-AEF0-E43798621F7A}.Debug|x86.Build.0 = Debug|x86
		{F668BAFC-4EA6-4594-AEF0-E43798621F7A}.Generate|Any CPU.ActiveCfg = Generate|Any CPU
		{F668BAFC-4EA6-4594-AEF0-E43798621F7A}.Generate|x86.ActiveCfg = Generate|x86
		{F668BAFC-4EA6-4594-AEF0-E43798621F7A}.Generate|x86.Build.0 = Generate|x86
		{F668BAFC-4EA6-4594-AEF0-E43798621F7A}.Release|Any CPU.ActiveCfg = Release|Any CPU
		{F668BAFC-4EA6-4594-AEF0-E43798621F7A}.Release|Any CPU.Build.0 = Release|Any CPU
		{F668BAFC-4EA6-4594-AEF0-E43798621F7A}.Release|x86.ActiveCfg = Release|x86
		{F668BAFC-4EA6-4594-AEF0-E43798621F7A}.Release|x86.Build.0 = Release|x86
		{8FC05695-AE66-4485-8581-4D10DFFFB790}.Debug|Any CPU.ActiveCfg = Debug|Any CPU
		{8FC05695-AE66-4485-8581-4D10DFFFB790}.Debug|x86.ActiveCfg = Debug|Any CPU
		{8FC05695-AE66-4485-8581-4D10DFFFB790}.Generate|Any CPU.ActiveCfg = Generate|Any CPU
		{8FC05695-AE66-4485-8581-4D10DFFFB790}.Generate|Any CPU.Build.0 = Generate|Any CPU
		{8FC05695-AE66-4485-8581-4D10DFFFB790}.Generate|Any CPU.Deploy.0 = Generate|Any CPU
		{8FC05695-AE66-4485-8581-4D10DFFFB790}.Generate|x86.ActiveCfg = Generate|Any CPU
		{8FC05695-AE66-4485-8581-4D10DFFFB790}.Release|Any CPU.ActiveCfg = Release|Any CPU
		{8FC05695-AE66-4485-8581-4D10DFFFB790}.Release|x86.ActiveCfg = Release|Any CPU
	EndGlobalSection
	GlobalSection(SolutionProperties) = preSolution
		HideSolutionNode = FALSE
	EndGlobalSection
EndGlobal
